
Microsoft Visual Studio Solution File, Format Version 12.00
# Visual Studio 15
VisualStudioVersion = 15.0.28307.1684
MinimumVisualStudioVersion = 10.0.40219.1
Project("{FAE04EC0-301F-11D3-BF4B-00C04F79EFBC}") = "MVVMDemo2", "MVVMDemo2\MVVMDemo2.csproj", "{28C191FD-BC68-40CA-BD77-A517F9A584FC}"
EndProject
Global
	GlobalSection(SolutionConfigurationPlatforms) = preSolution
		Debug|Any CPU = Debug|Any CPU
		Release|Any CPU = Release|Any CPU
	EndGlobalSection
	GlobalSection(ProjectConfigurationPlatforms) = postSolution
		{28C191FD-BC68-40CA-BD77-A517F9A584FC}.Debug|Any CPU.ActiveCfg = Debug|Any CPU
		{28C191FD-BC68-40CA-BD77-A517F9A584FC}.Debug|Any CPU.Build.0 = Debug|Any CPU
		{28C191FD-BC68-40CA-BD77-A517F9A584FC}.Release|Any CPU.ActiveCfg = Release|Any CPU
		{28C191FD-BC68-40CA-BD77-A517F9A584FC}.Release|Any CPU.Build.0 = Release|Any CPU
	EndGlobalSection
	GlobalSection(SolutionProperties) = preSolution
		HideSolutionNode = FALSE
	EndGlobalSection
	GlobalSection(ExtensibilityGlobals) = postSolution
		SolutionGuid = {628DD8E0-ACEE-4C40-8C6E-95B0C58A0E62}
	EndGlobalSection
EndGlobal
